
Microsoft Visual Studio Solution File, Format Version 12.00
# Visual Studio Version 17
VisualStudioVersion = 17.9.34607.119
MinimumVisualStudioVersion = 10.0.40219.1
Project("{2150E333-8FDC-42A3-9474-1A3956D46DE8}") = "src", "src", "{CF587B35-617D-4D97-B71D-23251E968A51}"
EndProject
Project("{2150E333-8FDC-42A3-9474-1A3956D46DE8}") = "UserInterface", "UserInterface", "{F51E7163-5043-4078-BAE5-A38A9BEDB7F4}"
EndProject
Project("{2150E333-8FDC-42A3-9474-1A3956D46DE8}") = "Gateway", "Gateway", "{E95834D7-99B0-42D0-8046-29711DBB433F}"
EndProject
Project("{2150E333-8FDC-42A3-9474-1A3956D46DE8}") = "PatientMS", "PatientMS", "{2327B8B4-5998-4EA5-89D5-9C2D76A7360F}"
EndProject
Project("{9A19103F-16F7-4668-BE54-9A1E7A4F7556}") = "PatientMS", "PatientMS\PatientMS.csproj", "{678B34C4-08CB-4F06-902A-9559D7B1F0F1}"
EndProject
Project("{9A19103F-16F7-4668-BE54-9A1E7A4F7556}") = "OcelotGateway", "Ocelot\OcelotGateway.csproj", "{B01DC56D-D84E-4AD3-8BA7-12F8B3785BAC}"
EndProject
Project("{9A19103F-16F7-4668-BE54-9A1E7A4F7556}") = "MLS-UI", "MLS-UI\MLS-UI.csproj", "{C09A1005-B56A-421C-9957-F3724D41BB33}"
EndProject
Project("{2150E333-8FDC-42A3-9474-1A3956D46DE8}") = "NoteMS", "NoteMS", "{EB40AF44-DBD9-40DC-8001-0DD7B196F62B}"
EndProject
Project("{9A19103F-16F7-4668-BE54-9A1E7A4F7556}") = "NoteMS", "NoteMS\NoteMS.csproj", "{46648C4B-EA01-4C2A-8922-86592F938FFC}"
EndProject
Project("{2150E333-8FDC-42A3-9474-1A3956D46DE8}") = "DetectionMS", "DetectionMS", "{2A97631E-047F-41E5-9152-A3CDBBE9BFF5}"
EndProject
Project("{9A19103F-16F7-4668-BE54-9A1E7A4F7556}") = "PatientDetection", "PatientDetection\PatientDetection.csproj", "{E9018CF3-6EE6-4A58-BD8C-99ED082F77EF}"
EndProject
Project("{E53339B2-1760-4266-BCC7-CA923CBCF16C}") = "docker-compose", "docker-compose.dcproj", "{C66CA93A-F6E4-4FCC-BD2F-0E0A463D544C}"
EndProject
Global
	GlobalSection(SolutionConfigurationPlatforms) = preSolution
		Debug|Any CPU = Debug|Any CPU
		Release|Any CPU = Release|Any CPU
	EndGlobalSection
	GlobalSection(ProjectConfigurationPlatforms) = postSolution
		{678B34C4-08CB-4F06-902A-9559D7B1F0F1}.Debug|Any CPU.ActiveCfg = Debug|Any CPU
		{678B34C4-08CB-4F06-902A-9559D7B1F0F1}.Debug|Any CPU.Build.0 = Debug|Any CPU
		{678B34C4-08CB-4F06-902A-9559D7B1F0F1}.Release|Any CPU.ActiveCfg = Release|Any CPU
		{678B34C4-08CB-4F06-902A-9559D7B1F0F1}.Release|Any CPU.Build.0 = Release|Any CPU
		{B01DC56D-D84E-4AD3-8BA7-12F8B3785BAC}.Debug|Any CPU.ActiveCfg = Debug|Any CPU
		{B01DC56D-D84E-4AD3-8BA7-12F8B3785BAC}.Debug|Any CPU.Build.0 = Debug|Any CPU
		{B01DC56D-D84E-4AD3-8BA7-12F8B3785BAC}.Release|Any CPU.ActiveCfg = Release|Any CPU
		{B01DC56D-D84E-4AD3-8BA7-12F8B3785BAC}.Release|Any CPU.Build.0 = Release|Any CPU
		{C09A1005-B56A-421C-9957-F3724D41BB33}.Debug|Any CPU.ActiveCfg = Debug|Any CPU
		{C09A1005-B56A-421C-9957-F3724D41BB33}.Debug|Any CPU.Build.0 = Debug|Any CPU
		{C09A1005-B56A-421C-9957-F3724D41BB33}.Release|Any CPU.ActiveCfg = Release|Any CPU
		{C09A1005-B56A-421C-9957-F3724D41BB33}.Release|Any CPU.Build.0 = Release|Any CPU
		{46648C4B-EA01-4C2A-8922-86592F938FFC}.Debug|Any CPU.ActiveCfg = Debug|Any CPU
		{46648C4B-EA01-4C2A-8922-86592F938FFC}.Debug|Any CPU.Build.0 = Debug|Any CPU
		{46648C4B-EA01-4C2A-8922-86592F938FFC}.Release|Any CPU.ActiveCfg = Release|Any CPU
		{46648C4B-EA01-4C2A-8922-86592F938FFC}.Release|Any CPU.Build.0 = Release|Any CPU
		{E9018CF3-6EE6-4A58-BD8C-99ED082F77EF}.Debug|Any CPU.ActiveCfg = Debug|Any CPU
		{E9018CF3-6EE6-4A58-BD8C-99ED082F77EF}.Debug|Any CPU.Build.0 = Debug|Any CPU
		{E9018CF3-6EE6-4A58-BD8C-99ED082F77EF}.Release|Any CPU.ActiveCfg = Release|Any CPU
		{E9018CF3-6EE6-4A58-BD8C-99ED082F77EF}.Release|Any CPU.Build.0 = Release|Any CPU
		{C66CA93A-F6E4-4FCC-BD2F-0E0A463D544C}.Debug|Any CPU.ActiveCfg = Debug|Any CPU
		{C66CA93A-F6E4-4FCC-BD2F-0E0A463D544C}.Debug|Any CPU.Build.0 = Debug|Any CPU
		{C66CA93A-F6E4-4FCC-BD2F-0E0A463D544C}.Release|Any CPU.ActiveCfg = Release|Any CPU
		{C66CA93A-F6E4-4FCC-BD2F-0E0A463D544C}.Release|Any CPU.Build.0 = Release|Any CPU
	EndGlobalSection
	GlobalSection(SolutionProperties) = preSolution
		HideSolutionNode = FALSE
	EndGlobalSection
	GlobalSection(NestedProjects) = preSolution
		{F51E7163-5043-4078-BAE5-A38A9BEDB7F4} = {CF587B35-617D-4D97-B71D-23251E968A51}
		{E95834D7-99B0-42D0-8046-29711DBB433F} = {CF587B35-617D-4D97-B71D-23251E968A51}
		{2327B8B4-5998-4EA5-89D5-9C2D76A7360F} = {CF587B35-617D-4D97-B71D-23251E968A51}
		{678B34C4-08CB-4F06-902A-9559D7B1F0F1} = {2327B8B4-5998-4EA5-89D5-9C2D76A7360F}
		{B01DC56D-D84E-4AD3-8BA7-12F8B3785BAC} = {E95834D7-99B0-42D0-8046-29711DBB433F}
		{C09A1005-B56A-421C-9957-F3724D41BB33} = {F51E7163-5043-4078-BAE5-A38A9BEDB7F4}
		{EB40AF44-DBD9-40DC-8001-0DD7B196F62B} = {CF587B35-617D-4D97-B71D-23251E968A51}
		{46648C4B-EA01-4C2A-8922-86592F938FFC} = {EB40AF44-DBD9-40DC-8001-0DD7B196F62B}
		{2A97631E-047F-41E5-9152-A3CDBBE9BFF5} = {CF587B35-617D-4D97-B71D-23251E968A51}
		{E9018CF3-6EE6-4A58-BD8C-99ED082F77EF} = {2A97631E-047F-41E5-9152-A3CDBBE9BFF5}
	EndGlobalSection
	GlobalSection(ExtensibilityGlobals) = postSolution
		SolutionGuid = {7E40B4DD-4A7A-4191-A9C9-AB4995B5771F}
	EndGlobalSection
EndGlobal
